
Microsoft Visual Studio Solution File, Format Version 12.00
# Visual Studio 15
VisualStudioVersion = 15.0.28010.2026
MinimumVisualStudioVersion = 10.0.40219.1
Project("{8BC9CEB8-8B4A-11D0-8D11-00A0C91BC942}") = "fitsmu-1a", "fitsmu-1a.vcxproj", "{F6E19986-9E22-45E8-BADD-5F71DCF559C4}"
EndProject
Global
	GlobalSection(SolutionConfigurationPlatforms) = preSolution
		Debug|x64 = Debug|x64
		Debug|x86 = Debug|x86
		Release|x64 = Release|x64
		Release|x86 = Release|x86
	EndGlobalSection
	GlobalSection(ProjectConfigurationPlatforms) = postSolution
		{F6E19986-9E22-45E8-BADD-5F71DCF559C4}.Debug|x64.ActiveCfg = Debug|x64
		{F6E19986-9E22-45E8-BADD-5F71DCF559C4}.Debug|x64.Build.0 = Debug|x64
		{F6E19986-9E22-45E8-BADD-5F71DCF559C4}.Debug|x86.ActiveCfg = Debug|Win32
		{F6E19986-9E22-45E8-BADD-5F71DCF559C4}.Debug|x86.Build.0 = Debug|Win32
		{F6E19986-9E22-45E8-BADD-5F71DCF559C4}.Release|x64.ActiveCfg = Release|x64
		{F6E19986-9E22-45E8-BADD-5F71DCF559C4}.Release|x64.Build.0 = Release|x64
		{F6E19986-9E22-45E8-BADD-5F71DCF559C4}.Release|x86.ActiveCfg = Release|Win32
		{F6E19986-9E22-45E8-BADD-5F71DCF559C4}.Release|x86.Build.0 = Release|Win32
	EndGlobalSection
	GlobalSection(SolutionProperties) = preSolution
		HideSolutionNode = FALSE
	EndGlobalSection
	GlobalSection(ExtensibilityGlobals) = postSolution
		SolutionGuid = {0AB6A83E-7E63-47B4-85AA-21C310FACFCA}
	EndGlobalSection
EndGlobal
